// !$*UTF8*$!
{
	archiveVersion = 1;
	classes = {
	};
	objectVersion = 46;
	objects = {

/* Begin PBXBuildFile section */
		CF85CB811C464A7200B52943 /* Deesa.h in Headers */ = {isa = PBXBuildFile; fileRef = CF85CB801C464A7200B52943 /* Deesa.h */; settings = {ATTRIBUTES = (Public, ); }; };
		CF9BBF531D1A38B800D64C00 /* strip-frameworks.sh in Resources */ = {isa = PBXBuildFile; fileRef = CF9BBF521D1A38B800D64C00 /* strip-frameworks.sh */; };
		CFFADA201CCE3F5400A84153 /* Deesa.js in Resources */ = {isa = PBXBuildFile; fileRef = CFFADA151CCE3F5400A84153 /* Deesa.js */; };
		CFFADA211CCE3F5400A84153 /* DeesaActor.swift in Sources */ = {isa = PBXBuildFile; fileRef = CFFADA161CCE3F5400A84153 /* DeesaActor.swift */; };
		CFFADA221CCE3F5400A84153 /* DeesaArguments.swift in Sources */ = {isa = PBXBuildFile; fileRef = CFFADA171CCE3F5400A84153 /* DeesaArguments.swift */; };
		CFFADA231CCE3F5400A84153 /* DeesaController.swift in Sources */ = {isa = PBXBuildFile; fileRef = CFFADA181CCE3F5400A84153 /* DeesaController.swift */; };
		CFFADA241CCE3F5400A84153 /* DeesaGloble.swift in Sources */ = {isa = PBXBuildFile; fileRef = CFFADA191CCE3F5400A84153 /* DeesaGloble.swift */; };
		CFFADA251CCE3F5400A84153 /* DeesaMessageHandler.swift in Sources */ = {isa = PBXBuildFile; fileRef = CFFADA1A1CCE3F5400A84153 /* DeesaMessageHandler.swift */; };
		CFFADA261CCE3F5400A84153 /* DeesaPlugin.swift in Sources */ = {isa = PBXBuildFile; fileRef = CFFADA1B1CCE3F5400A84153 /* DeesaPlugin.swift */; };
		CFFADA271CCE3F5400A84153 /* DeesaUIController.swift in Sources */ = {isa = PBXBuildFile; fileRef = CFFADA1C1CCE3F5400A84153 /* DeesaUIController.swift */; };
		CFFADA281CCE3F5400A84153 /* DeesaWKController.swift in Sources */ = {isa = PBXBuildFile; fileRef = CFFADA1D1CCE3F5400A84153 /* DeesaWKController.swift */; };
		CFFADA291CCE3F5400A84153 /* DeesaWKController+NavigationDelegate.swift in Sources */ = {isa = PBXBuildFile; fileRef = CFFADA1E1CCE3F5400A84153 /* DeesaWKController+NavigationDelegate.swift */; };
		CFFADA2A1CCE3F5400A84153 /* DeesaWKController+UIDelegate.swift in Sources */ = {isa = PBXBuildFile; fileRef = CFFADA1F1CCE3F5400A84153 /* DeesaWKController+UIDelegate.swift */; };
/* End PBXBuildFile section */

/* Begin PBXFileReference section */
		CF85CB7D1C464A7200B52943 /* Deesa.framework */ = {isa = PBXFileReference; explicitFileType = wrapper.framework; includeInIndex = 0; path = Deesa.framework; sourceTree = BUILT_PRODUCTS_DIR; };
		CF85CB801C464A7200B52943 /* Deesa.h */ = {isa = PBXFileReference; lastKnownFileType = sourcecode.c.h; path = Deesa.h; sourceTree = "<group>"; };
		CF85CB821C464A7200B52943 /* Info.plist */ = {isa = PBXFileReference; lastKnownFileType = text.plist.xml; path = Info.plist; sourceTree = "<group>"; };
		CF9BBF521D1A38B800D64C00 /* strip-frameworks.sh */ = {isa = PBXFileReference; fileEncoding = 4; lastKnownFileType = text.script.sh; path = "strip-frameworks.sh"; sourceTree = "<group>"; };
		CFFADA151CCE3F5400A84153 /* Deesa.js */ = {isa = PBXFileReference; fileEncoding = 4; lastKnownFileType = sourcecode.javascript; path = Deesa.js; sourceTree = "<group>"; };
		CFFADA161CCE3F5400A84153 /* DeesaActor.swift */ = {isa = PBXFileReference; fileEncoding = 4; lastKnownFileType = sourcecode.swift; path = DeesaActor.swift; sourceTree = "<group>"; };
		CFFADA171CCE3F5400A84153 /* DeesaArguments.swift */ = {isa = PBXFileReference; fileEncoding = 4; lastKnownFileType = sourcecode.swift; path = DeesaArguments.swift; sourceTree = "<group>"; };
		CFFADA181CCE3F5400A84153 /* DeesaController.swift */ = {isa = PBXFileReference; fileEncoding = 4; lastKnownFileType = sourcecode.swift; path = DeesaController.swift; sourceTree = "<group>"; };
		CFFADA191CCE3F5400A84153 /* DeesaGloble.swift */ = {isa = PBXFileReference; fileEncoding = 4; lastKnownFileType = sourcecode.swift; path = DeesaGloble.swift; sourceTree = "<group>"; };
		CFFADA1A1CCE3F5400A84153 /* DeesaMessageHandler.swift */ = {isa = PBXFileReference; fileEncoding = 4; lastKnownFileType = sourcecode.swift; path = DeesaMessageHandler.swift; sourceTree = "<group>"; };
		CFFADA1B1CCE3F5400A84153 /* DeesaPlugin.swift */ = {isa = PBXFileReference; fileEncoding = 4; lastKnownFileType = sourcecode.swift; path = DeesaPlugin.swift; sourceTree = "<group>"; };
		CFFADA1C1CCE3F5400A84153 /* DeesaUIController.swift */ = {isa = PBXFileReference; fileEncoding = 4; lastKnownFileType = sourcecode.swift; path = DeesaUIController.swift; sourceTree = "<group>"; };
		CFFADA1D1CCE3F5400A84153 /* DeesaWKController.swift */ = {isa = PBXFileReference; fileEncoding = 4; lastKnownFileType = sourcecode.swift; path = DeesaWKController.swift; sourceTree = "<group>"; };
		CFFADA1E1CCE3F5400A84153 /* DeesaWKController+NavigationDelegate.swift */ = {isa = PBXFileReference; fileEncoding = 4; lastKnownFileType = sourcecode.swift; path = "DeesaWKController+NavigationDelegate.swift"; sourceTree = "<group>"; };
		CFFADA1F1CCE3F5400A84153 /* DeesaWKController+UIDelegate.swift */ = {isa = PBXFileReference; fileEncoding = 4; lastKnownFileType = sourcecode.swift; path = "DeesaWKController+UIDelegate.swift"; sourceTree = "<group>"; };
/* End PBXFileReference section */

/* Begin PBXFrameworksBuildPhase section */
		CF85CB791C464A7200B52943 /* Frameworks */ = {
			isa = PBXFrameworksBuildPhase;
			buildActionMask = 2147483647;
			files = (
			);
			runOnlyForDeploymentPostprocessing = 0;
		};
/* End PBXFrameworksBuildPhase section */

/* Begin PBXGroup section */
		CF85CB731C464A7200B52943 = {
			isa = PBXGroup;
			children = (
				CF85CB7F1C464A7200B52943 /* Deesa */,
				CF85CB7E1C464A7200B52943 /* Products */,
			);
			sourceTree = "<group>";
		};
		CF85CB7E1C464A7200B52943 /* Products */ = {
			isa = PBXGroup;
			children = (
				CF85CB7D1C464A7200B52943 /* Deesa.framework */,
			);
			name = Products;
			sourceTree = "<group>";
		};
		CF85CB7F1C464A7200B52943 /* Deesa */ = {
			isa = PBXGroup;
			children = (
				CF9BBF521D1A38B800D64C00 /* strip-frameworks.sh */,
				CFFADA151CCE3F5400A84153 /* Deesa.js */,
				CFFADA161CCE3F5400A84153 /* DeesaActor.swift */,
				CFFADA171CCE3F5400A84153 /* DeesaArguments.swift */,
				CFFADA191CCE3F5400A84153 /* DeesaGloble.swift */,
				CFFADA1A1CCE3F5400A84153 /* DeesaMessageHandler.swift */,
				CFFADA1B1CCE3F5400A84153 /* DeesaPlugin.swift */,
				CFFADA181CCE3F5400A84153 /* DeesaController.swift */,
				CFFADA1C1CCE3F5400A84153 /* DeesaUIController.swift */,
				CFFADA1D1CCE3F5400A84153 /* DeesaWKController.swift */,
				CFFADA1E1CCE3F5400A84153 /* DeesaWKController+NavigationDelegate.swift */,
				CFFADA1F1CCE3F5400A84153 /* DeesaWKController+UIDelegate.swift */,
				CF85CB801C464A7200B52943 /* Deesa.h */,
				CF85CB821C464A7200B52943 /* Info.plist */,
			);
			path = Deesa;
			sourceTree = "<group>";
		};
/* End PBXGroup section */

/* Begin PBXHeadersBuildPhase section */
		CF85CB7A1C464A7200B52943 /* Headers */ = {
			isa = PBXHeadersBuildPhase;
			buildActionMask = 2147483647;
			files = (
				CF85CB811C464A7200B52943 /* Deesa.h in Headers */,
			);
			runOnlyForDeploymentPostprocessing = 0;
		};
/* End PBXHeadersBuildPhase section */

/* Begin PBXNativeTarget section */
		CF85CB7C1C464A7200B52943 /* Deesa */ = {
			isa = PBXNativeTarget;
			buildConfigurationList = CF85CB851C464A7200B52943 /* Build configuration list for PBXNativeTarget "Deesa" */;
			buildPhases = (
				CF85CB781C464A7200B52943 /* Sources */,
				CF85CB791C464A7200B52943 /* Frameworks */,
				CF85CB7A1C464A7200B52943 /* Headers */,
				CF85CB7B1C464A7200B52943 /* Resources */,
			);
			buildRules = (
			);
			dependencies = (
			);
			name = Deesa;
			productName = Deesa;
			productReference = CF85CB7D1C464A7200B52943 /* Deesa.framework */;
			productType = "com.apple.product-type.framework";
		};
/* End PBXNativeTarget section */

/* Begin PBXProject section */
		CF85CB741C464A7200B52943 /* Project object */ = {
			isa = PBXProject;
			attributes = {
				LastSwiftUpdateCheck = 0730;
				LastUpgradeCheck = 0900;
				ORGANIZATIONNAME = AppHeader;
				TargetAttributes = {
					CF85CB7C1C464A7200B52943 = {
						CreatedOnToolsVersion = 7.2;
						LastSwiftMigration = 0900;
					};
				};
			};
			buildConfigurationList = CF85CB771C464A7200B52943 /* Build configuration list for PBXProject "Deesa" */;
			compatibilityVersion = "Xcode 3.2";
			developmentRegion = English;
			hasScannedForEncodings = 0;
			knownRegions = (
				en,
			);
			mainGroup = CF85CB731C464A7200B52943;
			productRefGroup = CF85CB7E1C464A7200B52943 /* Products */;
			projectDirPath = "";
			projectRoot = "";
			targets = (
				CF85CB7C1C464A7200B52943 /* Deesa */,
			);
		};
/* End PBXProject section */

/* Begin PBXResourcesBuildPhase section */
		CF85CB7B1C464A7200B52943 /* Resources */ = {
			isa = PBXResourcesBuildPhase;
			buildActionMask = 2147483647;
			files = (
				CF9BBF531D1A38B800D64C00 /* strip-frameworks.sh in Resources */,
				CFFADA201CCE3F5400A84153 /* Deesa.js in Resources */,
			);
			runOnlyForDeploymentPostprocessing = 0;
		};
/* End PBXResourcesBuildPhase section */

/* Begin PBXSourcesBuildPhase section */
		CF85CB781C464A7200B52943 /* Sources */ = {
			isa = PBXSourcesBuildPhase;
			buildActionMask = 2147483647;
			files = (
				CFFADA211CCE3F5400A84153 /* DeesaActor.swift in Sources */,
				CFFADA261CCE3F5400A84153 /* DeesaPlugin.swift in Sources */,
				CFFADA281CCE3F5400A84153 /* DeesaWKController.swift in Sources */,
				CFFADA221CCE3F5400A84153 /* DeesaArguments.swift in Sources */,
				CFFADA251CCE3F5400A84153 /* DeesaMessageHandler.swift in Sources */,
				CFFADA231CCE3F5400A84153 /* DeesaController.swift in Sources */,
				CFFADA291CCE3F5400A84153 /* DeesaWKController+NavigationDelegate.swift in Sources */,
				CFFADA271CCE3F5400A84153 /* DeesaUIController.swift in Sources */,
				CFFADA241CCE3F5400A84153 /* DeesaGloble.swift in Sources */,
				CFFADA2A1CCE3F5400A84153 /* DeesaWKController+UIDelegate.swift in Sources */,
			);
			runOnlyForDeploymentPostprocessing = 0;
		};
/* End PBXSourcesBuildPhase section */

/* Begin XCBuildConfiguration section */
		CF85CB831C464A7200B52943 /* Debug */ = {
			isa = XCBuildConfiguration;
			buildSettings = {
				ALWAYS_SEARCH_USER_PATHS = NO;
				CLANG_CXX_LANGUAGE_STANDARD = "gnu++0x";
				CLANG_CXX_LIBRARY = "libc++";
				CLANG_ENABLE_MODULES = YES;
				CLANG_ENABLE_OBJC_ARC = YES;
				CLANG_WARN_BLOCK_CAPTURE_AUTORELEASING = YES;
				CLANG_WARN_BOOL_CONVERSION = YES;
				CLANG_WARN_COMMA = YES;
				CLANG_WARN_CONSTANT_CONVERSION = YES;
				CLANG_WARN_DIRECT_OBJC_ISA_USAGE = YES_ERROR;
				CLANG_WARN_EMPTY_BODY = YES;
				CLANG_WARN_ENUM_CONVERSION = YES;
				CLANG_WARN_INFINITE_RECURSION = YES;
				CLANG_WARN_INT_CONVERSION = YES;
				CLANG_WARN_NON_LITERAL_NULL_CONVERSION = YES;
				CLANG_WARN_OBJC_LITERAL_CONVERSION = YES;
				CLANG_WARN_OBJC_ROOT_CLASS = YES_ERROR;
				CLANG_WARN_RANGE_LOOP_ANALYSIS = YES;
				CLANG_WARN_STRICT_PROTOTYPES = YES;
				CLANG_WARN_SUSPICIOUS_MOVE = YES;
				CLANG_WARN_UNREACHABLE_CODE = YES;
				CLANG_WARN__DUPLICATE_METHOD_MATCH = YES;
				"CODE_SIGN_IDENTITY[sdk=iphoneos*]" = "iPhone Developer";
				COPY_PHASE_STRIP = NO;
				CURRENT_PROJECT_VERSION = 1;
				DEBUG_INFORMATION_FORMAT = dwarf;
				ENABLE_STRICT_OBJC_MSGSEND = YES;
				ENABLE_TESTABILITY = YES;
				GCC_C_LANGUAGE_STANDARD = gnu99;
				GCC_DYNAMIC_NO_PIC = NO;
				GCC_NO_COMMON_BLOCKS = YES;
				GCC_OPTIMIZATION_LEVEL = 0;
				GCC_PREPROCESSOR_DEFINITIONS = (
					"DEBUG=1",
					"$(inherited)",
				);
				GCC_WARN_64_TO_32_BIT_CONVERSION = YES;
				GCC_WARN_ABOUT_RETURN_TYPE = YES_ERROR;
				GCC_WARN_UNDECLARED_SELECTOR = YES;
				GCC_WARN_UNINITIALIZED_AUTOS = YES_AGGRESSIVE;
				GCC_WARN_UNUSED_FUNCTION = YES;
				GCC_WARN_UNUSED_VARIABLE = YES;
				IPHONEOS_DEPLOYMENT_TARGET = 8.0;
				MTL_ENABLE_DEBUG_INFO = YES;
				ONLY_ACTIVE_ARCH = YES;
				SDKROOT = iphoneos;
				SWIFT_OPTIMIZATION_LEVEL = "-Onone";
				TARGETED_DEVICE_FAMILY = "1,2";
				VERSIONING_SYSTEM = "apple-generic";
				VERSION_INFO_PREFIX = "";
			};
			name = Debug;
		};
		CF85CB841C464A7200B52943 /* Release */ = {
			isa = XCBuildConfiguration;
			buildSettings = {
				ALWAYS_SEARCH_USER_PATHS = NO;
				CLANG_CXX_LANGUAGE_STANDARD = "gnu++0x";
				CLANG_CXX_LIBRARY = "libc++";
				CLANG_ENABLE_MODULES = YES;
				CLANG_ENABLE_OBJC_ARC = YES;
				CLANG_WARN_BLOCK_CAPTURE_AUTORELEASING = YES;
				CLANG_WARN_BOOL_CONVERSION = YES;
				CLANG_WARN_COMMA = YES;
				CLANG_WARN_CONSTANT_CONVERSION = YES;
				CLANG_WARN_DIRECT_OBJC_ISA_USAGE = YES_ERROR;
				CLANG_WARN_EMPTY_BODY = YES;
				CLANG_WARN_ENUM_CONVERSION = YES;
				CLANG_WARN_INFINITE_RECURSION = YES;
				CLANG_WARN_INT_CONVERSION = YES;
				CLANG_WARN_NON_LITERAL_NULL_CONVERSION = YES;
				CLANG_WARN_OBJC_LITERAL_CONVERSION = YES;
				CLANG_WARN_OBJC_ROOT_CLASS = YES_ERROR;
				CLANG_WARN_RANGE_LOOP_ANALYSIS = YES;
				CLANG_WARN_STRICT_PROTOTYPES = YES;
				CLANG_WARN_SUSPICIOUS_MOVE = YES;
				CLANG_WARN_UNREACHABLE_CODE = YES;
				CLANG_WARN__DUPLICATE_METHOD_MATCH = YES;
				"CODE_SIGN_IDENTITY[sdk=iphoneos*]" = "iPhone Developer";
				COPY_PHASE_STRIP = NO;
				CURRENT_PROJECT_VERSION = 1;
				DEBUG_INFORMATION_FORMAT = "dwarf-with-dsym";
				ENABLE_NS_ASSERTIONS = NO;
				ENABLE_STRICT_OBJC_MSGSEND = YES;
				GCC_C_LANGUAGE_STANDARD = gnu99;
				GCC_NO_COMMON_BLOCKS = YES;
				GCC_WARN_64_TO_32_BIT_CONVERSION = YES;
				GCC_WARN_ABOUT_RETURN_TYPE = YES_ERROR;
				GCC_WARN_UNDECLARED_SELECTOR = YES;
				GCC_WARN_UNINITIALIZED_AUTOS = YES_AGGRESSIVE;
				GCC_WARN_UNUSED_FUNCTION = YES;
				GCC_WARN_UNUSED_VARIABLE = YES;
				IPHONEOS_DEPLOYMENT_TARGET = 8.0;
				MTL_ENABLE_DEBUG_INFO = NO;
				SDKROOT = iphoneos;
				SWIFT_OPTIMIZATION_LEVEL = "-Owholemodule";
				TARGETED_DEVICE_FAMILY = "1,2";
				VALIDATE_PRODUCT = YES;
				VERSIONING_SYSTEM = "apple-generic";
				VERSION_INFO_PREFIX = "";
			};
			name = Release;
		};
		CF85CB861C464A7200B52943 /* Debug */ = {
			isa = XCBuildConfiguration;
			buildSettings = {
				CLANG_ENABLE_MODULES = YES;
				"CODE_SIGN_IDENTITY[sdk=iphoneos*]" = "";
				DEFINES_MODULE = YES;
				DYLIB_COMPATIBILITY_VERSION = 1;
				DYLIB_CURRENT_VERSION = 1;
				DYLIB_INSTALL_NAME_BASE = "@rpath";
				INFOPLIST_FILE = Deesa/Info.plist;
				INSTALL_PATH = "$(LOCAL_LIBRARY_DIR)/Frameworks";
				IPHONEOS_DEPLOYMENT_TARGET = 8.0;
				LD_RUNPATH_SEARCH_PATHS = "$(inherited) @executable_path/Frameworks @loader_path/Frameworks";
				PRODUCT_BUNDLE_IDENTIFIER = com.Dahan.Deesa;
				PRODUCT_NAME = "$(TARGET_NAME)";
				SKIP_INSTALL = YES;
				SWIFT_OPTIMIZATION_LEVEL = "-Onone";
				SWIFT_SWIFT3_OBJC_INFERENCE = Off;
				SWIFT_VERSION = 4.0;
			};
			name = Debug;
		};
		CF85CB871C464A7200B52943 /* Release */ = {
			isa = XCBuildConfiguration;
			buildSettings = {
				CLANG_ENABLE_MODULES = YES;
				"CODE_SIGN_IDENTITY[sdk=iphoneos*]" = "";
				DEFINES_MODULE = YES;
				DYLIB_COMPATIBILITY_VERSION = 1;
				DYLIB_CURRENT_VERSION = 1;
				DYLIB_INSTALL_NAME_BASE = "@rpath";
				INFOPLIST_FILE = Deesa/Info.plist;
				INSTALL_PATH = "$(LOCAL_LIBRARY_DIR)/Frameworks";
				IPHONEOS_DEPLOYMENT_TARGET = 8.0;
				LD_RUNPATH_SEARCH_PATHS = "$(inherited) @executable_path/Frameworks @loader_path/Frameworks";
				PRODUCT_BUNDLE_IDENTIFIER = com.Dahan.Deesa;
				PRODUCT_NAME = "$(TARGET_NAME)";
				SKIP_INSTALL = YES;
				SWIFT_SWIFT3_OBJC_INFERENCE = Off;
				SWIFT_VERSION = 4.0;
			};
			name = Release;
		};
/* End XCBuildConfiguration section */

/* Begin XCConfigurationList section */
		CF85CB771C464A7200B52943 /* Build configuration list for PBXProject "Deesa" */ = {
			isa = XCConfigurationList;
			buildConfigurations = (
				CF85CB831C464A7200B52943 /* Debug */,
				CF85CB841C464A7200B52943 /* Release */,
			);
			defaultConfigurationIsVisible = 0;
			defaultConfigurationName = Release;
		};
		CF85CB851C464A7200B52943 /* Build configuration list for PBXNativeTarget "Deesa" */ = {
			isa = XCConfigurationList;
			buildConfigurations = (
				CF85CB861C464A7200B52943 /* Debug */,
				CF85CB871C464A7200B52943 /* Release */,
			);
			defaultConfigurationIsVisible = 0;
			defaultConfigurationName = Release;
		};
/* End XCConfigurationList section */
	};
	rootObject = CF85CB741C464A7200B52943 /* Project object */;
}
